
Microsoft Visual Studio Solution File, Format Version 12.00
# Visual Studio Version 17
VisualStudioVersion = 17.8.34511.84
MinimumVisualStudioVersion = 10.0.40219.1
Project("{9A19103F-16F7-4668-BE54-9A1E7A4F7556}") = "WebApp", "WebApp\WebApp.csproj", "{43ABE19F-14BD-4167-988C-04B78033E50D}"
EndProject
Project("{FAE04EC0-301F-11D3-BF4B-00C04F79EFBC}") = "eventLib", "eventLib\eventLib.csproj", "{0DDB3150-D3FB-4367-BFD5-4C02BB5944F3}"
EndProject
Global
	GlobalSection(SolutionConfigurationPlatforms) = preSolution
		Debug|Any CPU = Debug|Any CPU
		Release|Any CPU = Release|Any CPU
	EndGlobalSection
	GlobalSection(ProjectConfigurationPlatforms) = postSolution
		{43ABE19F-14BD-4167-988C-04B78033E50D}.Debug|Any CPU.ActiveCfg = Debug|Any CPU
		{43ABE19F-14BD-4167-988C-04B78033E50D}.Debug|Any CPU.Build.0 = Debug|Any CPU
		{43ABE19F-14BD-4167-988C-04B78033E50D}.Release|Any CPU.ActiveCfg = Release|Any CPU
		{43ABE19F-14BD-4167-988C-04B78033E50D}.Release|Any CPU.Build.0 = Release|Any CPU
		{0DDB3150-D3FB-4367-BFD5-4C02BB5944F3}.Debug|Any CPU.ActiveCfg = Debug|Any CPU
		{0DDB3150-D3FB-4367-BFD5-4C02BB5944F3}.Debug|Any CPU.Build.0 = Debug|Any CPU
		{0DDB3150-D3FB-4367-BFD5-4C02BB5944F3}.Release|Any CPU.ActiveCfg = Release|Any CPU
		{0DDB3150-D3FB-4367-BFD5-4C02BB5944F3}.Release|Any CPU.Build.0 = Release|Any CPU
	EndGlobalSection
	GlobalSection(SolutionProperties) = preSolution
		HideSolutionNode = FALSE
	EndGlobalSection
	GlobalSection(ExtensibilityGlobals) = postSolution
		SolutionGuid = {E50E330B-EC1E-45E8-A048-4BDD22B3C8B0}
	EndGlobalSection
EndGlobal
